
Microsoft Visual Studio Solution File, Format Version 12.00
# Visual Studio 2012
Project("{FAE04EC0-301F-11D3-BF4B-00C04F79EFBC}") = "خوارزميات التشفير", "خوارزميات التشفير\خوارزميات التشفير.csproj", "{06135F8F-F94F-4036-A25A-1B606949D25A}"
EndProject
Global
	GlobalSection(SolutionConfigurationPlatforms) = preSolution
		Debug|Any CPU = Debug|Any CPU
		Release|Any CPU = Release|Any CPU
	EndGlobalSection
	GlobalSection(ProjectConfigurationPlatforms) = postSolution
		{06135F8F-F94F-4036-A25A-1B606949D25A}.Debug|Any CPU.ActiveCfg = Debug|Any CPU
		{06135F8F-F94F-4036-A25A-1B606949D25A}.Debug|Any CPU.Build.0 = Debug|Any CPU
		{06135F8F-F94F-4036-A25A-1B606949D25A}.Release|Any CPU.ActiveCfg = Release|Any CPU
		{06135F8F-F94F-4036-A25A-1B606949D25A}.Release|Any CPU.Build.0 = Release|Any CPU
	EndGlobalSection
	GlobalSection(SolutionProperties) = preSolution
		HideSolutionNode = FALSE
	EndGlobalSection
EndGlobal
